hash: a42578427cc45312c3389740aeeb0b55955d0e192dec7ff1098b45bdb8dd4c65
updated: 2017-10-24T15:32:24.911969184+07:00
imports:
- name: cloud.google.com/go
  version: 1e51e8d6d11436a41d7e0c2f8cc67b5d525e153b
  subpackages:
  - compute/metadata
  - firestore
  - firestore/apiv1beta1
  - internal/atomiccache
  - internal/fields
  - internal/version
- name: github.com/gin-contrib/sse
  version: 22d885f9ecc78bf4ee5d72b937e4bbcdc58e8cae
- name: github.com/gin-gonic/gin
  version: dfb68ce0852d3fe600148f486f67d2327146dfea
  subpackages:
  - binding
  - json
  - render
- name: github.com/golang/protobuf
  version: 1643683e1b54a9e88ad26d98f81400c8c9d9f4f9
  subpackages:
  - proto
  - protoc-gen-go/descriptor
  - ptypes
  - ptypes/any
  - ptypes/duration
  - ptypes/empty
  - ptypes/struct
  - ptypes/timestamp
  - ptypes/wrappers
- name: github.com/googleapis/gax-go
  version: 317e0006254c44a0ac427cc52a0e083ff0b9622f
- name: github.com/json-iterator/go
  version: 7e3b7760242a65d1627e58ef428f1e2769caf85d
- name: github.com/mattn/go-isatty
  version: a5cdd64afdee435007ee3e9f6ed4684af949d568
- name: github.com/ugorji/go
  version: 6ac03ac41984930e078e8cba751fb0825f17cc4f
  subpackages:
  - codec
- name: golang.org/x/net
  version: 92447d55896d6f92b4a0d4fd83bd078b0374e8fa
  subpackages:
  - context
  - context/ctxhttp
  - http2
  - http2/hpack
  - idna
  - internal/timeseries
  - lex/httplex
  - trace
- name: golang.org/x/oauth2
  version: bb50c06baba3d0c76f9d125c0719093e315b5b44
  subpackages:
  - google
  - internal
  - jws
  - jwt
- name: golang.org/x/sys
  version: a1a1f1746d156bbc9954f29134b20ed4ce2752f1
  subpackages:
  - unix
- name: golang.org/x/text
  version: c01e4764d870b77f8abe5096ee19ad20d80e8075
  subpackages:
  - secure/bidirule
  - transform
  - unicode/bidi
  - unicode/norm
- name: google.golang.org/api
  version: 0bf971c28aa2a58853c3ea0a9bc60c9b3761234a
  subpackages:
  - googleapi/transport
  - internal
  - iterator
  - option
  - transport
  - transport/grpc
  - transport/http
- name: google.golang.org/appengine
  version: a2e0dc829727a4f957a7428b1f322805cfc1f362
  subpackages:
  - internal
  - internal/app_identity
  - internal/base
  - internal/datastore
  - internal/log
  - internal/modules
  - internal/remote_api
  - internal/socket
  - internal/urlfetch
  - socket
  - urlfetch
- name: google.golang.org/genproto
  version: f676e0f3ac6395ff1a529ae59a6670878a8371a6
  subpackages:
  - googleapis/api/annotations
  - googleapis/firestore/v1beta1
  - googleapis/rpc/status
  - googleapis/type/latlng
- name: google.golang.org/grpc
  version: 0d57c57a68d6c3f0cf1d708ab380b10e092c759f
  subpackages:
  - balancer
  - balancer/roundrobin
  - codes
  - connectivity
  - credentials
  - credentials/oauth
  - grpclb/grpc_lb_v1/messages
  - grpclog
  - internal
  - keepalive
  - metadata
  - naming
  - peer
  - resolver
  - resolver/dns
  - resolver/passthrough
  - stats
  - status
  - tap
  - transport
- name: gopkg.in/go-playground/validator.v8
  version: 5f1438d3fca68893a817e4a66806cea46a9e4ebf
- name: gopkg.in/yaml.v2
  version: eb3733d160e74a9c7e442f435eb3bea458e1d19f
testImports: []
